
Microsoft Visual Studio Solution File, Format Version 12.00
# Visual Studio Version 17
VisualStudioVersion = 17.10.35201.131
MinimumVisualStudioVersion = 10.0.40219.1
Project("{FAE04EC0-301F-11D3-BF4B-00C04F79EFBC}") = "FileDuplicateManager", "FileDuplicateManage\FileDuplicateManager.csproj", "{EBA1F2F5-BDDB-4159-AC3A-45AB957850AF}"
EndProject
Project("{54435603-DBB4-11D2-8724-00A0C9A8B90C}") = "Setup", "Setup\Setup.vdproj", "{FDC5900E-8386-4169-91B6-F3D035DFF374}"
EndProject
Global
	GlobalSection(SolutionConfigurationPlatforms) = preSolution
		Debug|Any CPU = Debug|Any CPU
		Debug|x86 = Debug|x86
		Release|Any CPU = Release|Any CPU
		Release|x86 = Release|x86
	EndGlobalSection
	GlobalSection(ProjectConfigurationPlatforms) = postSolution
		{EBA1F2F5-BDDB-4159-AC3A-45AB957850AF}.Debug|Any CPU.ActiveCfg = Debug|Any CPU
		{EBA1F2F5-BDDB-4159-AC3A-45AB957850AF}.Debug|Any CPU.Build.0 = Debug|Any CPU
		{EBA1F2F5-BDDB-4159-AC3A-45AB957850AF}.Debug|x86.ActiveCfg = Debug|x86
		{EBA1F2F5-BDDB-4159-AC3A-45AB957850AF}.Debug|x86.Build.0 = Debug|x86
		{EBA1F2F5-BDDB-4159-AC3A-45AB957850AF}.Release|Any CPU.ActiveCfg = Release|Any CPU
		{EBA1F2F5-BDDB-4159-AC3A-45AB957850AF}.Release|Any CPU.Build.0 = Release|Any CPU
		{EBA1F2F5-BDDB-4159-AC3A-45AB957850AF}.Release|x86.ActiveCfg = Release|x86
		{EBA1F2F5-BDDB-4159-AC3A-45AB957850AF}.Release|x86.Build.0 = Release|x86
		{FDC5900E-8386-4169-91B6-F3D035DFF374}.Debug|Any CPU.ActiveCfg = Debug
		{FDC5900E-8386-4169-91B6-F3D035DFF374}.Debug|x86.ActiveCfg = Debug
		{FDC5900E-8386-4169-91B6-F3D035DFF374}.Release|Any CPU.ActiveCfg = Release
		{FDC5900E-8386-4169-91B6-F3D035DFF374}.Release|x86.ActiveCfg = Release
	EndGlobalSection
	GlobalSection(SolutionProperties) = preSolution
		HideSolutionNode = FALSE
	EndGlobalSection
	GlobalSection(ExtensibilityGlobals) = postSolution
		SolutionGuid = {B67F4BF2-2F03-4F9F-80B3-5FC964194AE3}
	EndGlobalSection
EndGlobal
